
Microsoft Visual Studio Solution File, Format Version 12.00
# Visual Studio Version 17
VisualStudioVersion = 17.14.36414.22 d17.14
MinimumVisualStudioVersion = 10.0.40219.1
Project("{FAE04EC0-301F-11D3-BF4B-00C04F79EFBC}") = "PatientManager.API", "PatientManager.API\PatientManager.API.csproj", "{5D35DA6E-44BB-4AF4-8A1B-A159B06F4084}"
EndProject
Project("{FAE04EC0-301F-11D3-BF4B-00C04F79EFBC}") = "PatientManager.Domain", "PatientManager.Domain\PatientManager.Domain.csproj", "{0F9708AE-2CC2-4194-8F6C-60C5C26E8AC4}"
EndProject
Project("{FAE04EC0-301F-11D3-BF4B-00C04F79EFBC}") = "PatientManager.Application", "PatientManager.Application\PatientManager.Application.csproj", "{415B1ED8-DE4D-41E4-8A92-EFC071E8EAE1}"
EndProject
Project("{FAE04EC0-301F-11D3-BF4B-00C04F79EFBC}") = "PatientManager.Infrastructure", "PatientManager.Infrastructure\PatientManager.Infrastructure.csproj", "{4095E7DB-2FBB-430A-808B-49A077482946}"
EndProject
Project("{FAE04EC0-301F-11D3-BF4B-00C04F79EFBC}") = "PatientManager.Tests", "PatientManager.Tests\PatientManager.Tests.csproj", "{84119AD5-5414-4AC7-9F27-043218764AA4}"
EndProject
Global
	GlobalSection(SolutionConfigurationPlatforms) = preSolution
		Debug|Any CPU = Debug|Any CPU
		Release|Any CPU = Release|Any CPU
	EndGlobalSection
	GlobalSection(ProjectConfigurationPlatforms) = postSolution
		{5D35DA6E-44BB-4AF4-8A1B-A159B06F4084}.Debug|Any CPU.ActiveCfg = Debug|Any CPU
		{5D35DA6E-44BB-4AF4-8A1B-A159B06F4084}.Debug|Any CPU.Build.0 = Debug|Any CPU
		{5D35DA6E-44BB-4AF4-8A1B-A159B06F4084}.Release|Any CPU.ActiveCfg = Release|Any CPU
		{5D35DA6E-44BB-4AF4-8A1B-A159B06F4084}.Release|Any CPU.Build.0 = Release|Any CPU
		{0F9708AE-2CC2-4194-8F6C-60C5C26E8AC4}.Debug|Any CPU.ActiveCfg = Debug|Any CPU
		{0F9708AE-2CC2-4194-8F6C-60C5C26E8AC4}.Debug|Any CPU.Build.0 = Debug|Any CPU
		{0F9708AE-2CC2-4194-8F6C-60C5C26E8AC4}.Release|Any CPU.ActiveCfg = Release|Any CPU
		{0F9708AE-2CC2-4194-8F6C-60C5C26E8AC4}.Release|Any CPU.Build.0 = Release|Any CPU
		{415B1ED8-DE4D-41E4-8A92-EFC071E8EAE1}.Debug|Any CPU.ActiveCfg = Debug|Any CPU
		{415B1ED8-DE4D-41E4-8A92-EFC071E8EAE1}.Debug|Any CPU.Build.0 = Debug|Any CPU
		{415B1ED8-DE4D-41E4-8A92-EFC071E8EAE1}.Release|Any CPU.ActiveCfg = Release|Any CPU
		{415B1ED8-DE4D-41E4-8A92-EFC071E8EAE1}.Release|Any CPU.Build.0 = Release|Any CPU
		{4095E7DB-2FBB-430A-808B-49A077482946}.Debug|Any CPU.ActiveCfg = Debug|Any CPU
		{4095E7DB-2FBB-430A-808B-49A077482946}.Debug|Any CPU.Build.0 = Debug|Any CPU
		{4095E7DB-2FBB-430A-808B-49A077482946}.Release|Any CPU.ActiveCfg = Release|Any CPU
		{4095E7DB-2FBB-430A-808B-49A077482946}.Release|Any CPU.Build.0 = Release|Any CPU
		{84119AD5-5414-4AC7-9F27-043218764AA4}.Debug|Any CPU.ActiveCfg = Debug|Any CPU
		{84119AD5-5414-4AC7-9F27-043218764AA4}.Debug|Any CPU.Build.0 = Debug|Any CPU
		{84119AD5-5414-4AC7-9F27-043218764AA4}.Release|Any CPU.ActiveCfg = Release|Any CPU
		{84119AD5-5414-4AC7-9F27-043218764AA4}.Release|Any CPU.Build.0 = Release|Any CPU
	EndGlobalSection
	GlobalSection(SolutionProperties) = preSolution
		HideSolutionNode = FALSE
	EndGlobalSection
	GlobalSection(ExtensibilityGlobals) = postSolution
		SolutionGuid = {C96745EF-9438-4DBF-9DE0-DDDB7D5D3BA2}
	EndGlobalSection
EndGlobal
